
Microsoft Visual Studio Solution File, Format Version 12.00
# Visual Studio 15
VisualStudioVersion = 15.0.27428.2037
MinimumVisualStudioVersion = 10.0.40219.1
Project("{8BC9CEB8-8B4A-11D0-8D11-00A0C91BC942}") = "AES", "AES\AES.vcxproj", "{83CC347D-D74F-4D03-9F51-2394E989A088}"
EndProject
Global
	GlobalSection(SolutionConfigurationPlatforms) = preSolution
		Debug|x64 = Debug|x64
		Debug|x86 = Debug|x86
		Release|x64 = Release|x64
		Release|x86 = Release|x86
	EndGlobalSection
	GlobalSection(ProjectConfigurationPlatforms) = postSolution
		{83CC347D-D74F-4D03-9F51-2394E989A088}.Debug|x64.ActiveCfg = Debug|x64
		{83CC347D-D74F-4D03-9F51-2394E989A088}.Debug|x64.Build.0 = Debug|x64
		{83CC347D-D74F-4D03-9F51-2394E989A088}.Debug|x86.ActiveCfg = Debug|Win32
		{83CC347D-D74F-4D03-9F51-2394E989A088}.Debug|x86.Build.0 = Debug|Win32
		{83CC347D-D74F-4D03-9F51-2394E989A088}.Release|x64.ActiveCfg = Release|x64
		{83CC347D-D74F-4D03-9F51-2394E989A088}.Release|x64.Build.0 = Release|x64
		{83CC347D-D74F-4D03-9F51-2394E989A088}.Release|x86.ActiveCfg = Release|Win32
		{83CC347D-D74F-4D03-9F51-2394E989A088}.Release|x86.Build.0 = Release|Win32
	EndGlobalSection
	GlobalSection(SolutionProperties) = preSolution
		HideSolutionNode = FALSE
	EndGlobalSection
	GlobalSection(ExtensibilityGlobals) = postSolution
		SolutionGuid = {6DF2F3F5-D30A-49B4-8F7D-FF1C9A2ED9EC}
	EndGlobalSection
EndGlobal
